// !$*UTF8*$!
{
	archiveVersion = 1;
	classes = {
	};
	objectVersion = 77;
	objects = {

/* Begin PBXContainerItemProxy section */
		90EA05662E4986A2009902F0 /* PBXContainerItemProxy */ = {
			isa = PBXContainerItemProxy;
			containerPortal = 90EA05502E4986A1009902F0 /* Project object */;
			proxyType = 1;
			remoteGlobalIDString = 90EA05572E4986A1009902F0;
			remoteInfo = "Daily Trip notes";
		};
		90EA05702E4986A2009902F0 /* PBXContainerItemProxy */ = {
			isa = PBXContainerItemProxy;
			containerPortal = 90EA05502E4986A1009902F0 /* Project object */;
			proxyType = 1;
			remoteGlobalIDString = 90EA05572E4986A1009902F0;
			remoteInfo = "Daily Trip notes";
		};
/* End PBXContainerItemProxy section */

/* Begin PBXFileReference section */
		90EA05582E4986A1009902F0 /* Daily Trip notes.app */ = {isa = PBXFileReference; explicitFileType = wrapper.application; includeInIndex = 0; path = "Daily Trip notes.app"; sourceTree = BUILT_PRODUCTS_DIR; };
		90EA05652E4986A2009902F0 /* Daily Trip notesTests.xctest */ = {isa = PBXFileReference; explicitFileType = wrapper.cfbundle; includeInIndex = 0; path = "Daily Trip notesTests.xctest"; sourceTree = BUILT_PRODUCTS_DIR; };
		90EA056F2E4986A2009902F0 /* Daily Trip notesUITests.xctest */ = {isa = PBXFileReference; explicitFileType = wrapper.cfbundle; includeInIndex = 0; path = "Daily Trip notesUITests.xctest"; sourceTree = BUILT_PRODUCTS_DIR; };
/* End PBXFileReference section */

/* Begin PBXFileSystemSynchronizedRootGroup section */
		90EA055A2E4986A1009902F0 /* Daily Trip notes */ = {
			isa = PBXFileSystemSynchronizedRootGroup;
			path = "Daily Trip notes";
			sourceTree = "<group>";
		};
		90EA05682E4986A2009902F0 /* Daily Trip notesTests */ = {
			isa = PBXFileSystemSynchronizedRootGroup;
			path = "Daily Trip notesTests";
			sourceTree = "<group>";
		};
		90EA05722E4986A2009902F0 /* Daily Trip notesUITests */ = {
			isa = PBXFileSystemSynchronizedRootGroup;
			path = "Daily Trip notesUITests";
			sourceTree = "<group>";
		};
/* End PBXFileSystemSynchronizedRootGroup section */

/* Begin PBXFrameworksBuildPhase section */
		90EA05552E4986A1009902F0 /* Frameworks */ = {
			isa = PBXFrameworksBuildPhase;
			buildActionMask = 2147483647;
			files = (
			);
			runOnlyForDeploymentPostprocessing = 0;
		};
		90EA05622E4986A2009902F0 /* Frameworks */ = {
			isa = PBXFrameworksBuildPhase;
			buildActionMask = 2147483647;
			files = (
			);
			runOnlyForDeploymentPostprocessing = 0;
		};
		90EA056C2E4986A2009902F0 /* Frameworks */ = {
			isa = PBXFrameworksBuildPhase;
			buildActionMask = 2147483647;
			files = (
			);
			runOnlyForDeploymentPostprocessing = 0;
		};
/* End PBXFrameworksBuildPhase section */

/* Begin PBXGroup section */
		90EA054F2E4986A1009902F0 = {
			isa = PBXGroup;
			children = (
				90EA055A2E4986A1009902F0 /* Daily Trip notes */,
				90EA05682E4986A2009902F0 /* Daily Trip notesTests */,
				90EA05722E4986A2009902F0 /* Daily Trip notesUITests */,
				90EA05592E4986A1009902F0 /* Products */,
			);
			sourceTree = "<group>";
		};
		90EA05592E4986A1009902F0 /* Products */ = {
			isa = PBXGroup;
			children = (
				90EA05582E4986A1009902F0 /* Daily Trip notes.app */,
				90EA05652E4986A2009902F0 /* Daily Trip notesTests.xctest */,
				90EA056F2E4986A2009902F0 /* Daily Trip notesUITests.xctest */,
			);
			name = Products;
			sourceTree = "<group>";
		};
/* End PBXGroup section */

/* Begin PBXNativeTarget section */
		90EA05572E4986A1009902F0 /* Daily Trip notes */ = {
			isa = PBXNativeTarget;
			buildConfigurationList = 90EA05792E4986A2009902F0 /* Build configuration list for PBXNativeTarget "Daily Trip notes" */;
			buildPhases = (
				90EA05542E4986A1009902F0 /* Sources */,
				90EA05552E4986A1009902F0 /* Frameworks */,
				90EA05562E4986A1009902F0 /* Resources */,
			);
			buildRules = (
			);
			dependencies = (
			);
			fileSystemSynchronizedGroups = (
				90EA055A2E4986A1009902F0 /* Daily Trip notes */,
			);
			name = "Daily Trip notes";
			packageProductDependencies = (
			);
			productName = "Daily Trip notes";
			productReference = 90EA05582E4986A1009902F0 /* Daily Trip notes.app */;
			productType = "com.apple.product-type.application";
		};
		90EA05642E4986A2009902F0 /* Daily Trip notesTests */ = {
			isa = PBXNativeTarget;
			buildConfigurationList = 90EA057C2E4986A2009902F0 /* Build configuration list for PBXNativeTarget "Daily Trip notesTests" */;
			buildPhases = (
				90EA05612E4986A2009902F0 /* Sources */,
				90EA05622E4986A2009902F0 /* Frameworks */,
				90EA05632E4986A2009902F0 /* Resources */,
			);
			buildRules = (
			);
			dependencies = (
				90EA05672E4986A2009902F0 /* PBXTargetDependency */,
			);
			fileSystemSynchronizedGroups = (
				90EA05682E4986A2009902F0 /* Daily Trip notesTests */,
			);
			name = "Daily Trip notesTests";
			packageProductDependencies = (
			);
			productName = "Daily Trip notesTests";
			productReference = 90EA05652E4986A2009902F0 /* Daily Trip notesTests.xctest */;
			productType = "com.apple.product-type.bundle.unit-test";
		};
		90EA056E2E4986A2009902F0 /* Daily Trip notesUITests */ = {
			isa = PBXNativeTarget;
			buildConfigurationList = 90EA057F2E4986A2009902F0 /* Build configuration list for PBXNativeTarget "Daily Trip notesUITests" */;
			buildPhases = (
				90EA056B2E4986A2009902F0 /* Sources */,
				90EA056C2E4986A2009902F0 /* Frameworks */,
				90EA056D2E4986A2009902F0 /* Resources */,
			);
			buildRules = (
			);
			dependencies = (
				90EA05712E4986A2009902F0 /* PBXTargetDependency */,
			);
			fileSystemSynchronizedGroups = (
				90EA05722E4986A2009902F0 /* Daily Trip notesUITests */,
			);
			name = "Daily Trip notesUITests";
			packageProductDependencies = (
			);
			productName = "Daily Trip notesUITests";
			productReference = 90EA056F2E4986A2009902F0 /* Daily Trip notesUITests.xctest */;
			productType = "com.apple.product-type.bundle.ui-testing";
		};
/* End PBXNativeTarget section */

/* Begin PBXProject section */
		90EA05502E4986A1009902F0 /* Project object */ = {
			isa = PBXProject;
			attributes = {
				BuildIndependentTargetsInParallel = 1;
				LastSwiftUpdateCheck = 1640;
				LastUpgradeCheck = 1640;
				TargetAttributes = {
					90EA05572E4986A1009902F0 = {
						CreatedOnToolsVersion = 16.4;
					};
					90EA05642E4986A2009902F0 = {
						CreatedOnToolsVersion = 16.4;
						TestTargetID = 90EA05572E4986A1009902F0;
					};
					90EA056E2E4986A2009902F0 = {
						CreatedOnToolsVersion = 16.4;
						TestTargetID = 90EA05572E4986A1009902F0;
					};
				};
			};
			buildConfigurationList = 90EA05532E4986A1009902F0 /* Build configuration list for PBXProject "Daily Trip notes" */;
			developmentRegion = en;
			hasScannedForEncodings = 0;
			knownRegions = (
				en,
				Base,
			);
			mainGroup = 90EA054F2E4986A1009902F0;
			minimizedProjectReferenceProxies = 1;
			preferredProjectObjectVersion = 77;
			productRefGroup = 90EA05592E4986A1009902F0 /* Products */;
			projectDirPath = "";
			projectRoot = "";
			targets = (
				90EA05572E4986A1009902F0 /* Daily Trip notes */,
				90EA05642E4986A2009902F0 /* Daily Trip notesTests */,
				90EA056E2E4986A2009902F0 /* Daily Trip notesUITests */,
			);
		};
/* End PBXProject section */

/* Begin PBXResourcesBuildPhase section */
		90EA05562E4986A1009902F0 /* Resources */ = {
			isa = PBXResourcesBuildPhase;
			buildActionMask = 2147483647;
			files = (
			);
			runOnlyForDeploymentPostprocessing = 0;
		};
		90EA05632E4986A2009902F0 /* Resources */ = {
			isa = PBXResourcesBuildPhase;
			buildActionMask = 2147483647;
			files = (
			);
			runOnlyForDeploymentPostprocessing = 0;
		};
		90EA056D2E4986A2009902F0 /* Resources */ = {
			isa = PBXResourcesBuildPhase;
			buildActionMask = 2147483647;
			files = (
			);
			runOnlyForDeploymentPostprocessing = 0;
		};
/* End PBXResourcesBuildPhase section */

/* Begin PBXSourcesBuildPhase section */
		90EA05542E4986A1009902F0 /* Sources */ = {
			isa = PBXSourcesBuildPhase;
			buildActionMask = 2147483647;
			files = (
			);
			runOnlyForDeploymentPostprocessing = 0;
		};
		90EA05612E4986A2009902F0 /* Sources */ = {
			isa = PBXSourcesBuildPhase;
			buildActionMask = 2147483647;
			files = (
			);
			runOnlyForDeploymentPostprocessing = 0;
		};
		90EA056B2E4986A2009902F0 /* Sources */ = {
			isa = PBXSourcesBuildPhase;
			buildActionMask = 2147483647;
			files = (
			);
			runOnlyForDeploymentPostprocessing = 0;
		};
/* End PBXSourcesBuildPhase section */

/* Begin PBXTargetDependency section */
		90EA05672E4986A2009902F0 /* PBXTargetDependency */ = {
			isa = PBXTargetDependency;
			target = 90EA05572E4986A1009902F0 /* Daily Trip notes */;
			targetProxy = 90EA05662E4986A2009902F0 /* PBXContainerItemProxy */;
		};
		90EA05712E4986A2009902F0 /* PBXTargetDependency */ = {
			isa = PBXTargetDependency;
			target = 90EA05572E4986A1009902F0 /* Daily Trip notes */;
			targetProxy = 90EA05702E4986A2009902F0 /* PBXContainerItemProxy */;
		};
/* End PBXTargetDependency section */

/* Begin XCBuildConfiguration section */
		90EA05772E4986A2009902F0 /* Debug */ = {
			isa = XCBuildConfiguration;
			buildSettings = {
				ALWAYS_SEARCH_USER_PATHS = NO;
				ASSETCATALOG_COMPILER_GENERATE_SWIFT_ASSET_SYMBOL_EXTENSIONS = YES;
				CLANG_ANALYZER_NONNULL = YES;
				CLANG_ANALYZER_NUMBER_OBJECT_CONVERSION = YES_AGGRESSIVE;
				CLANG_CXX_LANGUAGE_STANDARD = "gnu++20";
				CLANG_ENABLE_MODULES = YES;
				CLANG_ENABLE_OBJC_ARC = YES;
				CLANG_ENABLE_OBJC_WEAK = YES;
				CLANG_WARN_BLOCK_CAPTURE_AUTORELEASING = YES;
				CLANG_WARN_BOOL_CONVERSION = YES;
				CLANG_WARN_COMMA = YES;
				CLANG_WARN_CONSTANT_CONVERSION = YES;
				CLANG_WARN_DEPRECATED_OBJC_IMPLEMENTATIONS = YES;
				CLANG_WARN_DIRECT_OBJC_ISA_USAGE = YES_ERROR;
				CLANG_WARN_DOCUMENTATION_COMMENTS = YES;
				CLANG_WARN_EMPTY_BODY = YES;
				CLANG_WARN_ENUM_CONVERSION = YES;
				CLANG_WARN_INFINITE_RECURSION = YES;
				CLANG_WARN_INT_CONVERSION = YES;
				CLANG_WARN_NON_LITERAL_NULL_CONVERSION = YES;
				CLANG_WARN_OBJC_IMPLICIT_RETAIN_SELF = YES;
				CLANG_WARN_OBJC_LITERAL_CONVERSION = YES;
				CLANG_WARN_OBJC_ROOT_CLASS = YES_ERROR;
				CLANG_WARN_QUOTED_INCLUDE_IN_FRAMEWORK_HEADER = YES;
				CLANG_WARN_RANGE_LOOP_ANALYSIS = YES;
				CLANG_WARN_STRICT_PROTOTYPES = YES;
				CLANG_WARN_SUSPICIOUS_MOVE = YES;
				CLANG_WARN_UNGUARDED_AVAILABILITY = YES_AGGRESSIVE;
				CLANG_WARN_UNREACHABLE_CODE = YES;
				CLANG_WARN__DUPLICATE_METHOD_MATCH = YES;
				COPY_PHASE_STRIP = NO;
				DEBUG_INFORMATION_FORMAT = dwarf;
				DEVELOPMENT_TEAM = 8YG87LK34Y;
				ENABLE_STRICT_OBJC_MSGSEND = YES;
				ENABLE_TESTABILITY = YES;
				ENABLE_USER_SCRIPT_SANDBOXING = YES;
				GCC_C_LANGUAGE_STANDARD = gnu17;
				GCC_DYNAMIC_NO_PIC = NO;
				GCC_NO_COMMON_BLOCKS = YES;
				GCC_OPTIMIZATION_LEVEL = 0;
				GCC_PREPROCESSOR_DEFINITIONS = (
					"DEBUG=1",
					"$(inherited)",
				);
				GCC_WARN_64_TO_32_BIT_CONVERSION = YES;
				GCC_WARN_ABOUT_RETURN_TYPE = YES_ERROR;
				GCC_WARN_UNDECLARED_SELECTOR = YES;
				GCC_WARN_UNINITIALIZED_AUTOS = YES_AGGRESSIVE;
				GCC_WARN_UNUSED_FUNCTION = YES;
				GCC_WARN_UNUSED_VARIABLE = YES;
				IPHONEOS_DEPLOYMENT_TARGET = 18.5;
				LOCALIZATION_PREFERS_STRING_CATALOGS = YES;
				MTL_ENABLE_DEBUG_INFO = INCLUDE_SOURCE;
				MTL_FAST_MATH = YES;
				ONLY_ACTIVE_ARCH = YES;
				SDKROOT = iphoneos;
				SWIFT_ACTIVE_COMPILATION_CONDITIONS = "DEBUG $(inherited)";
				SWIFT_OPTIMIZATION_LEVEL = "-Onone";
			};
			name = Debug;
		};
		90EA05782E4986A2009902F0 /* Release */ = {
			isa = XCBuildConfiguration;
			buildSettings = {
				ALWAYS_SEARCH_USER_PATHS = NO;
				ASSETCATALOG_COMPILER_GENERATE_SWIFT_ASSET_SYMBOL_EXTENSIONS = YES;
				CLANG_ANALYZER_NONNULL = YES;
				CLANG_ANALYZER_NUMBER_OBJECT_CONVERSION = YES_AGGRESSIVE;
				CLANG_CXX_LANGUAGE_STANDARD = "gnu++20";
				CLANG_ENABLE_MODULES = YES;
				CLANG_ENABLE_OBJC_ARC = YES;
				CLANG_ENABLE_OBJC_WEAK = YES;
				CLANG_WARN_BLOCK_CAPTURE_AUTORELEASING = YES;
				CLANG_WARN_BOOL_CONVERSION = YES;
				CLANG_WARN_COMMA = YES;
				CLANG_WARN_CONSTANT_CONVERSION = YES;
				CLANG_WARN_DEPRECATED_OBJC_IMPLEMENTATIONS = YES;
				CLANG_WARN_DIRECT_OBJC_ISA_USAGE = YES_ERROR;
				CLANG_WARN_DOCUMENTATION_COMMENTS = YES;
				CLANG_WARN_EMPTY_BODY = YES;
				CLANG_WARN_ENUM_CONVERSION = YES;
				CLANG_WARN_INFINITE_RECURSION = YES;
				CLANG_WARN_INT_CONVERSION = YES;
				CLANG_WARN_NON_LITERAL_NULL_CONVERSION = YES;
				CLANG_WARN_OBJC_IMPLICIT_RETAIN_SELF = YES;
				CLANG_WARN_OBJC_LITERAL_CONVERSION = YES;
				CLANG_WARN_OBJC_ROOT_CLASS = YES_ERROR;
				CLANG_WARN_QUOTED_INCLUDE_IN_FRAMEWORK_HEADER = YES;
				CLANG_WARN_RANGE_LOOP_ANALYSIS = YES;
				CLANG_WARN_STRICT_PROTOTYPES = YES;
				CLANG_WARN_SUSPICIOUS_MOVE = YES;
				CLANG_WARN_UNGUARDED_AVAILABILITY = YES_AGGRESSIVE;
				CLANG_WARN_UNREACHABLE_CODE = YES;
				CLANG_WARN__DUPLICATE_METHOD_MATCH = YES;
				COPY_PHASE_STRIP = NO;
				DEBUG_INFORMATION_FORMAT = "dwarf-with-dsym";
				DEVELOPMENT_TEAM = 8YG87LK34Y;
				ENABLE_NS_ASSERTIONS = NO;
				ENABLE_STRICT_OBJC_MSGSEND = YES;
				ENABLE_USER_SCRIPT_SANDBOXING = YES;
				GCC_C_LANGUAGE_STANDARD = gnu17;
				GCC_NO_COMMON_BLOCKS = YES;
				GCC_WARN_64_TO_32_BIT_CONVERSION = YES;
				GCC_WARN_ABOUT_RETURN_TYPE = YES_ERROR;
				GCC_WARN_UNDECLARED_SELECTOR = YES;
				GCC_WARN_UNINITIALIZED_AUTOS = YES_AGGRESSIVE;
				GCC_WARN_UNUSED_FUNCTION = YES;
				GCC_WARN_UNUSED_VARIABLE = YES;
				IPHONEOS_DEPLOYMENT_TARGET = 18.5;
				LOCALIZATION_PREFERS_STRING_CATALOGS = YES;
				MTL_ENABLE_DEBUG_INFO = NO;
				MTL_FAST_MATH = YES;
				SDKROOT = iphoneos;
				SWIFT_COMPILATION_MODE = wholemodule;
				VALIDATE_PRODUCT = YES;
			};
			name = Release;
		};
		90EA057A2E4986A2009902F0 /* Debug */ = {
			isa = XCBuildConfiguration;
			buildSettings = {
				ASSETCATALOG_COMPILER_APPICON_NAME = AppIcon;
				ASSETCATALOG_COMPILER_GLOBAL_ACCENT_COLOR_NAME = AccentColor;
				CODE_SIGN_STYLE = Automatic;
				CURRENT_PROJECT_VERSION = 1;
				DEVELOPMENT_TEAM = 8YG87LK34Y;
				ENABLE_PREVIEWS = YES;
				GENERATE_INFOPLIST_FILE = YES;
				INFOPLIST_KEY_NSPhotoLibraryUsageDescription = "This app needs access to your photos to save trip memories and add photos to your daily notes.";
				INFOPLIST_KEY_UIApplicationSceneManifest_Generation = YES;
				INFOPLIST_KEY_UIApplicationSupportsIndirectInputEvents = YES;
				INFOPLIST_KEY_UILaunchScreen_Generation = YES;
				INFOPLIST_KEY_UISupportedInterfaceOrientations = UIInterfaceOrientationPortrait;
				INFOPLIST_KEY_UISupportedInterfaceOrientations_iPad = "UIInterfaceOrientationLandscapeLeft UIInterfaceOrientationLandscapeRight UIInterfaceOrientationPortrait UIInterfaceOrientationPortraitUpsideDown";
				IPHONEOS_DEPLOYMENT_TARGET = 17.6;
				LD_RUNPATH_SEARCH_PATHS = (
					"$(inherited)",
					"@executable_path/Frameworks",
				);
				MARKETING_VERSION = 1.0;
				PRODUCT_BUNDLE_IDENTIFIER = "noteboomproductions.Daily-Trip-notes";
				PRODUCT_NAME = "$(TARGET_NAME)";
				SWIFT_EMIT_LOC_STRINGS = YES;
				SWIFT_VERSION = 5.0;
				TARGETED_DEVICE_FAMILY = "1,2";
			};
			name = Debug;
		};
		90EA057B2E4986A2009902F0 /* Release */ = {
			isa = XCBuildConfiguration;
			buildSettings = {
				ASSETCATALOG_COMPILER_APPICON_NAME = AppIcon;
				ASSETCATALOG_COMPILER_GLOBAL_ACCENT_COLOR_NAME = AccentColor;
				CODE_SIGN_STYLE = Automatic;
				CURRENT_PROJECT_VERSION = 1;
				DEVELOPMENT_TEAM = 8YG87LK34Y;
				ENABLE_PREVIEWS = YES;
				GENERATE_INFOPLIST_FILE = YES;
				INFOPLIST_KEY_NSPhotoLibraryUsageDescription = "This app needs access to your photos to save trip memories and add photos to your daily notes.";
				INFOPLIST_KEY_UIApplicationSceneManifest_Generation = YES;
				INFOPLIST_KEY_UIApplicationSupportsIndirectInputEvents = YES;
				INFOPLIST_KEY_UILaunchScreen_Generation = YES;
				INFOPLIST_KEY_UISupportedInterfaceOrientations = UIInterfaceOrientationPortrait;
				INFOPLIST_KEY_UISupportedInterfaceOrientations_iPad = "UIInterfaceOrientationLandscapeLeft UIInterfaceOrientationLandscapeRight UIInterfaceOrientationPortrait UIInterfaceOrientationPortraitUpsideDown";
				IPHONEOS_DEPLOYMENT_TARGET = 17.6;
				LD_RUNPATH_SEARCH_PATHS = (
					"$(inherited)",
					"@executable_path/Frameworks",
				);
				MARKETING_VERSION = 1.0;
				PRODUCT_BUNDLE_IDENTIFIER = "noteboomproductions.Daily-Trip-notes";
				PRODUCT_NAME = "$(TARGET_NAME)";
				SWIFT_EMIT_LOC_STRINGS = YES;
				SWIFT_VERSION = 5.0;
				TARGETED_DEVICE_FAMILY = "1,2";
			};
			name = Release;
		};
		90EA057D2E4986A2009902F0 /* Debug */ = {
			isa = XCBuildConfiguration;
			buildSettings = {
				BUNDLE_LOADER = "$(TEST_HOST)";
				CODE_SIGN_STYLE = Automatic;
				CURRENT_PROJECT_VERSION = 1;
				DEVELOPMENT_TEAM = 8YG87LK34Y;
				GENERATE_INFOPLIST_FILE = YES;
				IPHONEOS_DEPLOYMENT_TARGET = 18.5;
				MARKETING_VERSION = 1.0;
				PRODUCT_BUNDLE_IDENTIFIER = "noteboomproductions.Daily-Trip-notesTests";
				PRODUCT_NAME = "$(TARGET_NAME)";
				SWIFT_EMIT_LOC_STRINGS = NO;
				SWIFT_VERSION = 5.0;
				TARGETED_DEVICE_FAMILY = "1,2";
				TEST_HOST = "$(BUILT_PRODUCTS_DIR)/Daily Trip notes.app/$(BUNDLE_EXECUTABLE_FOLDER_PATH)/Daily Trip notes";
			};
			name = Debug;
		};
		90EA057E2E4986A2009902F0 /* Release */ = {
			isa = XCBuildConfiguration;
			buildSettings = {
				BUNDLE_LOADER = "$(TEST_HOST)";
				CODE_SIGN_STYLE = Automatic;
				CURRENT_PROJECT_VERSION = 1;
				DEVELOPMENT_TEAM = 8YG87LK34Y;
				GENERATE_INFOPLIST_FILE = YES;
				IPHONEOS_DEPLOYMENT_TARGET = 18.5;
				MARKETING_VERSION = 1.0;
				PRODUCT_BUNDLE_IDENTIFIER = "noteboomproductions.Daily-Trip-notesTests";
				PRODUCT_NAME = "$(TARGET_NAME)";
				SWIFT_EMIT_LOC_STRINGS = NO;
				SWIFT_VERSION = 5.0;
				TARGETED_DEVICE_FAMILY = "1,2";
				TEST_HOST = "$(BUILT_PRODUCTS_DIR)/Daily Trip notes.app/$(BUNDLE_EXECUTABLE_FOLDER_PATH)/Daily Trip notes";
			};
			name = Release;
		};
		90EA05802E4986A2009902F0 /* Debug */ = {
			isa = XCBuildConfiguration;
			buildSettings = {
				CODE_SIGN_STYLE = Automatic;
				CURRENT_PROJECT_VERSION = 1;
				DEVELOPMENT_TEAM = 8YG87LK34Y;
				GENERATE_INFOPLIST_FILE = YES;
				MARKETING_VERSION = 1.0;
				PRODUCT_BUNDLE_IDENTIFIER = "noteboomproductions.Daily-Trip-notesUITests";
				PRODUCT_NAME = "$(TARGET_NAME)";
				SWIFT_EMIT_LOC_STRINGS = NO;
				SWIFT_VERSION = 5.0;
				TARGETED_DEVICE_FAMILY = "1,2";
				TEST_TARGET_NAME = "Daily Trip notes";
			};
			name = Debug;
		};
		90EA05812E4986A2009902F0 /* Release */ = {
			isa = XCBuildConfiguration;
			buildSettings = {
				CODE_SIGN_STYLE = Automatic;
				CURRENT_PROJECT_VERSION = 1;
				DEVELOPMENT_TEAM = 8YG87LK34Y;
				GENERATE_INFOPLIST_FILE = YES;
				MARKETING_VERSION = 1.0;
				PRODUCT_BUNDLE_IDENTIFIER = "noteboomproductions.Daily-Trip-notesUITests";
				PRODUCT_NAME = "$(TARGET_NAME)";
				SWIFT_EMIT_LOC_STRINGS = NO;
				SWIFT_VERSION = 5.0;
				TARGETED_DEVICE_FAMILY = "1,2";
				TEST_TARGET_NAME = "Daily Trip notes";
			};
			name = Release;
		};
/* End XCBuildConfiguration section */

/* Begin XCConfigurationList section */
		90EA05532E4986A1009902F0 /* Build configuration list for PBXProject "Daily Trip notes" */ = {
			isa = XCConfigurationList;
			buildConfigurations = (
				90EA05772E4986A2009902F0 /* Debug */,
				90EA05782E4986A2009902F0 /* Release */,
			);
			defaultConfigurationIsVisible = 0;
			defaultConfigurationName = Release;
		};
		90EA05792E4986A2009902F0 /* Build configuration list for PBXNativeTarget "Daily Trip notes" */ = {
			isa = XCConfigurationList;
			buildConfigurations = (
				90EA057A2E4986A2009902F0 /* Debug */,
				90EA057B2E4986A2009902F0 /* Release */,
			);
			defaultConfigurationIsVisible = 0;
			defaultConfigurationName = Release;
		};
		90EA057C2E4986A2009902F0 /* Build configuration list for PBXNativeTarget "Daily Trip notesTests" */ = {
			isa = XCConfigurationList;
			buildConfigurations = (
				90EA057D2E4986A2009902F0 /* Debug */,
				90EA057E2E4986A2009902F0 /* Release */,
			);
			defaultConfigurationIsVisible = 0;
			defaultConfigurationName = Release;
		};
		90EA057F2E4986A2009902F0 /* Build configuration list for PBXNativeTarget "Daily Trip notesUITests" */ = {
			isa = XCConfigurationList;
			buildConfigurations = (
				90EA05802E4986A2009902F0 /* Debug */,
				90EA05812E4986A2009902F0 /* Release */,
			);
			defaultConfigurationIsVisible = 0;
			defaultConfigurationName = Release;
		};
/* End XCConfigurationList section */
	};
	rootObject = 90EA05502E4986A1009902F0 /* Project object */;
}
